
Microsoft Visual Studio Solution File, Format Version 12.00
# Visual Studio Version 17
VisualStudioVersion = 17.3.32819.101
MinimumVisualStudioVersion = 10.0.40219.1
Project("{FAE04EC0-301F-11D3-BF4B-00C04F79EFBC}") = "Microsoft Defender for Identity Configuration Checker", "Microsoft Defender for Identity Configuration Checker\Microsoft Defender for Identity Configuration Checker.csproj", "{C3768095-193D-4454-BBC2-6913D293FC18}"
EndProject
Global
	GlobalSection(SolutionConfigurationPlatforms) = preSolution
		Debug|Any CPU = Debug|Any CPU
		Debug|x64 = Debug|x64
		Release|Any CPU = Release|Any CPU
		Release|x64 = Release|x64
	EndGlobalSection
	GlobalSection(ProjectConfigurationPlatforms) = postSolution
		{C3768095-193D-4454-BBC2-6913D293FC18}.Debug|Any CPU.ActiveCfg = Debug|Any CPU
		{C3768095-193D-4454-BBC2-6913D293FC18}.Debug|Any CPU.Build.0 = Debug|Any CPU
		{C3768095-193D-4454-BBC2-6913D293FC18}.Debug|x64.ActiveCfg = Debug|x64
		{C3768095-193D-4454-BBC2-6913D293FC18}.Debug|x64.Build.0 = Debug|x64
		{C3768095-193D-4454-BBC2-6913D293FC18}.Release|Any CPU.ActiveCfg = Release|Any CPU
		{C3768095-193D-4454-BBC2-6913D293FC18}.Release|Any CPU.Build.0 = Release|Any CPU
		{C3768095-193D-4454-BBC2-6913D293FC18}.Release|x64.ActiveCfg = Release|x64
		{C3768095-193D-4454-BBC2-6913D293FC18}.Release|x64.Build.0 = Release|x64
	EndGlobalSection
	GlobalSection(SolutionProperties) = preSolution
		HideSolutionNode = FALSE
	EndGlobalSection
	GlobalSection(ExtensibilityGlobals) = postSolution
		SolutionGuid = {5D78BBC2-AEF7-4016-AD67-79468D11CAF3}
	EndGlobalSection
EndGlobal
